# This file is automatically @generated by Poetry 1.8.3 and should not be changed by hand.

[[package]]
name = "pyjwt"
version = "2.13.0"
description = "JSON Web Token implementation in Python"
optional = false
python-versions = ">=3.9"
files = [
    {file = "pyjwt-2.13.0-py3-none-any.whl", hash = "sha256:66adcc2aff09b3f1bbd95fc1e1577df8ac8723c978552fd43304c8a290ac5728"},
    {file = "pyjwt-2.13.0.tar.gz", hash = "sha256:41571c89ca91598c79e8ef18a2d07367d4810fbbd6f637794879baf1b7703423"},
]

[package.dependencies]
typing_extensions = {version = ">=4.0", markers = "python_version < \"3.11\""}

[package.extras]
crypto = ["cryptography (>=3.4.0)"]

[[package]]
name = "python-dotenv"
version = "1.2.3"
description = "Read key-value pairs from a .env file and set them as environment variables"
optional = false
python-versions = ">=3.10"
files = [
    {file = "python_dotenv-1.2.3-py3-none-any.whl", hash = "sha256:904552145e8bfed22162c09dab1c2b9b54fefa7b23ba780f4f26ca0316b0f0d9"},
    {file = "python_dotenv-1.2.3.tar.gz", hash = "sha256:a20a594dabeaa385725aa239d5244871c143ecb356add8a20fcf23773a6c3a35"},
]

[package.extras]
cli = ["click (>=5.0)"]

[[package]]
name = "typing-extensions"
version = "4.16.0"
description = "Backported and Experimental Type Hints for Python 3.9+"
optional = false
python-versions = ">=3.9"
files = [
    {file = "typing_extensions-4.16.0-py3-none-any.whl", hash = "sha256:481caa481374e813c1b176ada14e97f1f67a4539ce9cfeb3f350d78d6370c2e8"},
    {file = "typing_extensions-4.16.0.tar.gz", hash = "sha256:dc983d19a509c94dba722ee6abd33940f7c05a89e243c47e907eb4db6f1a43e5"},
]

[metadata]
lock-version = "2.0"
python-versions = ">=3.10,<4.0"
content-hash = "7030c59d6f7c40f49ee64eb60dccc8640b35a276617f9351fb2b93d382c7113d"
